
Microsoft Visual Studio Solution File, Format Version 12.00
# Visual Studio Version 17
VisualStudioVersion = 17.8.34525.116
MinimumVisualStudioVersion = 10.0.40219.1
Project("{2150E333-8FDC-42A3-9474-1A3956D46DE8}") = "Services", "Services", "{0F244B4B-21D1-4C01-AD2F-591B4B28EC6A}"
EndProject
Project("{9A19103F-16F7-4668-BE54-9A1E7A4F7556}") = "AuthAPI", "AuthAPI\AuthAPI.csproj", "{6E204DC7-FEB1-40A2-BA77-21763EA60787}"
EndProject
Project("{2150E333-8FDC-42A3-9474-1A3956D46DE8}") = "Integration", "Integration", "{B53C537A-05CB-4D13-A29E-B1156CEE1A5B}"
EndProject
Project("{9A19103F-16F7-4668-BE54-9A1E7A4F7556}") = "MessageBus", "MessageBus\MessageBus.csproj", "{B7AEEBA6-26B9-4A0B-8685-648C4928CF53}"
EndProject
Project("{9A19103F-16F7-4668-BE54-9A1E7A4F7556}") = "OrderAPI", "OrderAPI\OrderAPI.csproj", "{9AC28BE4-A157-4BEC-9A58-729B62A96187}"
EndProject
Project("{9A19103F-16F7-4668-BE54-9A1E7A4F7556}") = "ShoppingCartAPI", "ShoppingCartAPI\ShoppingCartAPI.csproj", "{2DE7165E-E3FE-4DB2-B57B-D967E0E655AF}"
EndProject
Project("{2150E333-8FDC-42A3-9474-1A3956D46DE8}") = "Gateway", "Gateway", "{318D8038-A977-4597-A214-F409CB564DEE}"
EndProject
Project("{9A19103F-16F7-4668-BE54-9A1E7A4F7556}") = "Gateway", "Gateway\Gateway.csproj", "{3FD245A2-55B2-4E4B-B35B-C4B737499F00}"
EndProject
Project("{2150E333-8FDC-42A3-9474-1A3956D46DE8}") = "FrontEnd", "FrontEnd", "{18D9AA2C-57BA-4BB6-8D06-F5A220D3EB77}"
EndProject
Project("{9A19103F-16F7-4668-BE54-9A1E7A4F7556}") = "WebApplicationUI", "WebApplication\WebApplicationUI.csproj", "{ED36B2C1-C85E-492E-845F-3A261B104B2C}"
EndProject
Project("{9A19103F-16F7-4668-BE54-9A1E7A4F7556}") = "ProductAPI", "ProductAPI\ProductAPI.csproj", "{57F749D0-7DD9-420B-8499-4256CCA4F285}"
EndProject
Global
	GlobalSection(SolutionConfigurationPlatforms) = preSolution
		Debug|Any CPU = Debug|Any CPU
		Release|Any CPU = Release|Any CPU
	EndGlobalSection
	GlobalSection(ProjectConfigurationPlatforms) = postSolution
		{6E204DC7-FEB1-40A2-BA77-21763EA60787}.Debug|Any CPU.ActiveCfg = Debug|Any CPU
		{6E204DC7-FEB1-40A2-BA77-21763EA60787}.Debug|Any CPU.Build.0 = Debug|Any CPU
		{6E204DC7-FEB1-40A2-BA77-21763EA60787}.Release|Any CPU.ActiveCfg = Release|Any CPU
		{6E204DC7-FEB1-40A2-BA77-21763EA60787}.Release|Any CPU.Build.0 = Release|Any CPU
		{B7AEEBA6-26B9-4A0B-8685-648C4928CF53}.Debug|Any CPU.ActiveCfg = Debug|Any CPU
		{B7AEEBA6-26B9-4A0B-8685-648C4928CF53}.Debug|Any CPU.Build.0 = Debug|Any CPU
		{B7AEEBA6-26B9-4A0B-8685-648C4928CF53}.Release|Any CPU.ActiveCfg = Release|Any CPU
		{B7AEEBA6-26B9-4A0B-8685-648C4928CF53}.Release|Any CPU.Build.0 = Release|Any CPU
		{9AC28BE4-A157-4BEC-9A58-729B62A96187}.Debug|Any CPU.ActiveCfg = Debug|Any CPU
		{9AC28BE4-A157-4BEC-9A58-729B62A96187}.Debug|Any CPU.Build.0 = Debug|Any CPU
		{9AC28BE4-A157-4BEC-9A58-729B62A96187}.Release|Any CPU.ActiveCfg = Release|Any CPU
		{9AC28BE4-A157-4BEC-9A58-729B62A96187}.Release|Any CPU.Build.0 = Release|Any CPU
		{2DE7165E-E3FE-4DB2-B57B-D967E0E655AF}.Debug|Any CPU.ActiveCfg = Debug|Any CPU
		{2DE7165E-E3FE-4DB2-B57B-D967E0E655AF}.Debug|Any CPU.Build.0 = Debug|Any CPU
		{2DE7165E-E3FE-4DB2-B57B-D967E0E655AF}.Release|Any CPU.ActiveCfg = Release|Any CPU
		{2DE7165E-E3FE-4DB2-B57B-D967E0E655AF}.Release|Any CPU.Build.0 = Release|Any CPU
		{3FD245A2-55B2-4E4B-B35B-C4B737499F00}.Debug|Any CPU.ActiveCfg = Debug|Any CPU
		{3FD245A2-55B2-4E4B-B35B-C4B737499F00}.Debug|Any CPU.Build.0 = Debug|Any CPU
		{3FD245A2-55B2-4E4B-B35B-C4B737499F00}.Release|Any CPU.ActiveCfg = Release|Any CPU
		{3FD245A2-55B2-4E4B-B35B-C4B737499F00}.Release|Any CPU.Build.0 = Release|Any CPU
		{ED36B2C1-C85E-492E-845F-3A261B104B2C}.Debug|Any CPU.ActiveCfg = Debug|Any CPU
		{ED36B2C1-C85E-492E-845F-3A261B104B2C}.Debug|Any CPU.Build.0 = Debug|Any CPU
		{ED36B2C1-C85E-492E-845F-3A261B104B2C}.Release|Any CPU.ActiveCfg = Release|Any CPU
		{ED36B2C1-C85E-492E-845F-3A261B104B2C}.Release|Any CPU.Build.0 = Release|Any CPU
		{57F749D0-7DD9-420B-8499-4256CCA4F285}.Debug|Any CPU.ActiveCfg = Debug|Any CPU
		{57F749D0-7DD9-420B-8499-4256CCA4F285}.Debug|Any CPU.Build.0 = Debug|Any CPU
		{57F749D0-7DD9-420B-8499-4256CCA4F285}.Release|Any CPU.ActiveCfg = Release|Any CPU
		{57F749D0-7DD9-420B-8499-4256CCA4F285}.Release|Any CPU.Build.0 = Release|Any CPU
	EndGlobalSection
	GlobalSection(SolutionProperties) = preSolution
		HideSolutionNode = FALSE
	EndGlobalSection
	GlobalSection(NestedProjects) = preSolution
		{6E204DC7-FEB1-40A2-BA77-21763EA60787} = {0F244B4B-21D1-4C01-AD2F-591B4B28EC6A}
		{B7AEEBA6-26B9-4A0B-8685-648C4928CF53} = {B53C537A-05CB-4D13-A29E-B1156CEE1A5B}
		{9AC28BE4-A157-4BEC-9A58-729B62A96187} = {0F244B4B-21D1-4C01-AD2F-591B4B28EC6A}
		{2DE7165E-E3FE-4DB2-B57B-D967E0E655AF} = {0F244B4B-21D1-4C01-AD2F-591B4B28EC6A}
		{3FD245A2-55B2-4E4B-B35B-C4B737499F00} = {318D8038-A977-4597-A214-F409CB564DEE}
		{ED36B2C1-C85E-492E-845F-3A261B104B2C} = {18D9AA2C-57BA-4BB6-8D06-F5A220D3EB77}
		{57F749D0-7DD9-420B-8499-4256CCA4F285} = {0F244B4B-21D1-4C01-AD2F-591B4B28EC6A}
	EndGlobalSection
	GlobalSection(ExtensibilityGlobals) = postSolution
		SolutionGuid = {836F9C82-3FA0-458B-A399-F3BE222288AE}
	EndGlobalSection
EndGlobal
